
Microsoft Visual Studio Solution File, Format Version 12.00
# Visual Studio 15
VisualStudioVersion = 15.0.28307.136
MinimumVisualStudioVersion = 10.0.40219.1
Project("{8BC9CEB8-8B4A-11D0-8D11-00A0C91BC942}") = "Statki", "Statki\Statki.vcxproj", "{7986FEB8-60F0-4A2E-986C-BF6715759D9D}"
EndProject
Global
	GlobalSection(SolutionConfigurationPlatforms) = preSolution
		Debug|x64 = Debug|x64
		Debug|x86 = Debug|x86
		Release|x64 = Release|x64
		Release|x86 = Release|x86
	EndGlobalSection
	GlobalSection(ProjectConfigurationPlatforms) = postSolution
		{7986FEB8-60F0-4A2E-986C-BF6715759D9D}.Debug|x64.ActiveCfg = Debug|x64
		{7986FEB8-60F0-4A2E-986C-BF6715759D9D}.Debug|x64.Build.0 = Debug|x64
		{7986FEB8-60F0-4A2E-986C-BF6715759D9D}.Debug|x86.ActiveCfg = Debug|Win32
		{7986FEB8-60F0-4A2E-986C-BF6715759D9D}.Debug|x86.Build.0 = Debug|Win32
		{7986FEB8-60F0-4A2E-986C-BF6715759D9D}.Release|x64.ActiveCfg = Release|x64
		{7986FEB8-60F0-4A2E-986C-BF6715759D9D}.Release|x64.Build.0 = Release|x64
		{7986FEB8-60F0-4A2E-986C-BF6715759D9D}.Release|x86.ActiveCfg = Release|Win32
		{7986FEB8-60F0-4A2E-986C-BF6715759D9D}.Release|x86.Build.0 = Release|Win32
	EndGlobalSection
	GlobalSection(SolutionProperties) = preSolution
		HideSolutionNode = FALSE
	EndGlobalSection
	GlobalSection(ExtensibilityGlobals) = postSolution
		SolutionGuid = {B22FB2CC-ABF7-4D6E-94F6-BC4F4282D76D}
	EndGlobalSection
EndGlobal
